{
  "name": "sukhrob",
  "lockfileVersion": 3,
  "requires": true,
  "packages": {
    "": {
      "dependencies": {
        "swup": "^3.0.5"
      }
    },
    "node_modules/delegate-it": {
      "version": "3.0.1",
      "resolved": "https://registry.npmjs.org/delegate-it/-/delegate-it-3.0.1.tgz",
      "integrity": "sha512-XU8H4pjDGBW74hFIbjdLPnvtU3HF3P9bbZvoFBSBLb5JgNaTkRb/2lvC1V+9kmZsxVR0kad4bU3rYhQ/4Ij+Gw==",
      "dependencies": {
        "typed-query-selector": "^2.6.1"
      }
    },
    "node_modules/opencollective-postinstall": {
      "version": "2.0.3",
      "resolved": "https://registry.npmjs.org/opencollective-postinstall/-/opencollective-postinstall-2.0.3.tgz",
      "integrity": "sha512-8AV/sCtuzUeTo8gQK5qDZzARrulB3egtLzFgteqB2tcT4Mw7B8Kt7JcDHmltjz6FOAHsvTevk70gZEbhM4ZS9Q==",
      "bin": {
        "opencollective-postinstall": "index.js"
      }
    },
    "node_modules/swup": {
      "version": "3.0.5",
      "resolved": "https://registry.npmjs.org/swup/-/swup-3.0.5.tgz",
      "integrity": "sha512-MD2oVgyvKbUgWeGKjOzDQUfYLtqlQktREcR27QnzqKBSAjApLrbMTWToYrkI2ZnCXG6ApPMjsrRLArSwiJUBmw==",
      "hasInstallScript": true,
      "dependencies": {
        "delegate-it": "^3.0.1",
        "opencollective-postinstall": "^2.0.2"
      }
    },
    "node_modules/typed-query-selector": {
      "version": "2.9.2",
      "resolved": "https://registry.npmjs.org/typed-query-selector/-/typed-query-selector-2.9.2.tgz",
      "integrity": "sha512-mOnelGQ0JBbYvboX6v/3vijUkIW9L557DHVRUFQTKG352EWvW/uDN6ORlPvTPRivefqb3QbbyZgLtPmxQaxmug=="
    }
  }
}
